
Microsoft Visual Studio Solution File, Format Version 12.00
# Visual Studio Version 17
VisualStudioVersion = 17.9.34607.119
MinimumVisualStudioVersion = 10.0.40219.1
Project("{FAE04EC0-301F-11D3-BF4B-00C04F79EFBC}") = "CCCA16_NET", "CCCA16_NET\CCCA16_NET.csproj", "{0DB8749B-A4DC-4C10-BE33-1EF79ECBAFA6}"
EndProject
Project("{FAE04EC0-301F-11D3-BF4B-00C04F79EFBC}") = "CCCA16_NET.Test", "CCCA16_NET.Test\CCCA16_NET.Test.csproj", "{B55665DB-AD5E-4C07-948B-97FFA339C026}"
EndProject
Global
	GlobalSection(SolutionConfigurationPlatforms) = preSolution
		Debug|Any CPU = Debug|Any CPU
		Release|Any CPU = Release|Any CPU
	EndGlobalSection
	GlobalSection(ProjectConfigurationPlatforms) = postSolution
		{0DB8749B-A4DC-4C10-BE33-1EF79ECBAFA6}.Debug|Any CPU.ActiveCfg = Debug|Any CPU
		{0DB8749B-A4DC-4C10-BE33-1EF79ECBAFA6}.Debug|Any CPU.Build.0 = Debug|Any CPU
		{0DB8749B-A4DC-4C10-BE33-1EF79ECBAFA6}.Release|Any CPU.ActiveCfg = Release|Any CPU
		{0DB8749B-A4DC-4C10-BE33-1EF79ECBAFA6}.Release|Any CPU.Build.0 = Release|Any CPU
		{B55665DB-AD5E-4C07-948B-97FFA339C026}.Debug|Any CPU.ActiveCfg = Debug|Any CPU
		{B55665DB-AD5E-4C07-948B-97FFA339C026}.Debug|Any CPU.Build.0 = Debug|Any CPU
		{B55665DB-AD5E-4C07-948B-97FFA339C026}.Release|Any CPU.ActiveCfg = Release|Any CPU
		{B55665DB-AD5E-4C07-948B-97FFA339C026}.Release|Any CPU.Build.0 = Release|Any CPU
	EndGlobalSection
	GlobalSection(SolutionProperties) = preSolution
		HideSolutionNode = FALSE
	EndGlobalSection
	GlobalSection(ExtensibilityGlobals) = postSolution
		SolutionGuid = {A935F52D-3114-4AF8-A5CC-2F1DD583C505}
	EndGlobalSection
EndGlobal
